
Microsoft Visual Studio Solution File, Format Version 12.00
# Visual Studio Version 16
VisualStudioVersion = 16.0.29324.140
MinimumVisualStudioVersion = 10.0.40219.1
Project("{2150E333-8FDC-42A3-9474-1A3956D46DE8}") = "Host", "Host", "{065EBC87-E84C-4C7C-B259-738FC7CA5373}"
EndProject
Project("{2150E333-8FDC-42A3-9474-1A3956D46DE8}") = "Service", "Service", "{677DD894-913A-4CCD-A72D-377056E3FD76}"
EndProject
Project("{2150E333-8FDC-42A3-9474-1A3956D46DE8}") = "BusinessLayer", "BusinessLayer", "{0F4C7F90-C782-4D8C-982F-AA0F4A15ADD5}"
EndProject
Project("{2150E333-8FDC-42A3-9474-1A3956D46DE8}") = "DataAccessLayer", "DataAccessLayer", "{CD5C8F9C-8883-4F26-8D86-231EF6BE1437}"
EndProject
Project("{2150E333-8FDC-42A3-9474-1A3956D46DE8}") = "Presentation", "Presentation", "{D6A17015-5D8A-4E4A-A5ED-1C0A8A281F16}"
EndProject
Project("{FAE04EC0-301F-11D3-BF4B-00C04F79EFBC}") = "VakSight.Host", "Host\VakSight.Host\VakSight.Host.csproj", "{E9A0F6AD-F65E-44FE-B77C-035D4EF8F822}"
EndProject
Project("{FAE04EC0-301F-11D3-BF4B-00C04F79EFBC}") = "VakSight.Repository.Contracts", "Service\DataAccessLayer\VakSight.Repository.Contracts\VakSight.Repository.Contracts.csproj", "{978E6FB2-26E9-4242-A8B5-8CDE17A03DF6}"
EndProject
Project("{FAE04EC0-301F-11D3-BF4B-00C04F79EFBC}") = "VakSight.Repository.Implementation", "Service\DataAccessLayer\VakSight.Repository.Implementation\VakSight.Repository.Implementation.csproj", "{93737BD4-757A-4CE2-A93A-0AC83524BAD4}"
EndProject
Project("{FAE04EC0-301F-11D3-BF4B-00C04F79EFBC}") = "VakSight.API", "Service\Presentation\VakSight.API\VakSight.API.csproj", "{8A0C4DB7-B89D-4CBE-A021-37008D42D596}"
EndProject
Project("{FAE04EC0-301F-11D3-BF4B-00C04F79EFBC}") = "VakSight.Entities", "Service\BusinessLayer\VakSight.Entities\VakSight.Entities.csproj", "{89D089E8-8731-4748-A9DB-25E27353FB68}"
EndProject
Project("{FAE04EC0-301F-11D3-BF4B-00C04F79EFBC}") = "VakSight.Service.Contracts", "Service\BusinessLayer\VakSight.Service.Contracts\VakSight.Service.Contracts.csproj", "{FEC51B56-B8EE-4603-8668-F1B910A40828}"
EndProject
Project("{FAE04EC0-301F-11D3-BF4B-00C04F79EFBC}") = "VakSight.Service.Implementation", "Service\BusinessLayer\VakSight.Service.Implementation\VakSight.Service.Implementation.csproj", "{E5BA018A-F069-4630-AEC7-4DEFFD0D491D}"
EndProject
Global
	GlobalSection(SolutionConfigurationPlatforms) = preSolution
		Debug|Any CPU = Debug|Any CPU
		Release|Any CPU = Release|Any CPU
	EndGlobalSection
	GlobalSection(ProjectConfigurationPlatforms) = postSolution
		{E9A0F6AD-F65E-44FE-B77C-035D4EF8F822}.Debug|Any CPU.ActiveCfg = Debug|Any CPU
		{E9A0F6AD-F65E-44FE-B77C-035D4EF8F822}.Debug|Any CPU.Build.0 = Debug|Any CPU
		{E9A0F6AD-F65E-44FE-B77C-035D4EF8F822}.Release|Any CPU.ActiveCfg = Release|Any CPU
		{E9A0F6AD-F65E-44FE-B77C-035D4EF8F822}.Release|Any CPU.Build.0 = Release|Any CPU
		{978E6FB2-26E9-4242-A8B5-8CDE17A03DF6}.Debug|Any CPU.ActiveCfg = Debug|Any CPU
		{978E6FB2-26E9-4242-A8B5-8CDE17A03DF6}.Debug|Any CPU.Build.0 = Debug|Any CPU
		{978E6FB2-26E9-4242-A8B5-8CDE17A03DF6}.Release|Any CPU.ActiveCfg = Release|Any CPU
		{978E6FB2-26E9-4242-A8B5-8CDE17A03DF6}.Release|Any CPU.Build.0 = Release|Any CPU
		{93737BD4-757A-4CE2-A93A-0AC83524BAD4}.Debug|Any CPU.ActiveCfg = Debug|Any CPU
		{93737BD4-757A-4CE2-A93A-0AC83524BAD4}.Debug|Any CPU.Build.0 = Debug|Any CPU
		{93737BD4-757A-4CE2-A93A-0AC83524BAD4}.Release|Any CPU.ActiveCfg = Release|Any CPU
		{93737BD4-757A-4CE2-A93A-0AC83524BAD4}.Release|Any CPU.Build.0 = Release|Any CPU
		{8A0C4DB7-B89D-4CBE-A021-37008D42D596}.Debug|Any CPU.ActiveCfg = Debug|Any CPU
		{8A0C4DB7-B89D-4CBE-A021-37008D42D596}.Debug|Any CPU.Build.0 = Debug|Any CPU
		{8A0C4DB7-B89D-4CBE-A021-37008D42D596}.Release|Any CPU.ActiveCfg = Release|Any CPU
		{8A0C4DB7-B89D-4CBE-A021-37008D42D596}.Release|Any CPU.Build.0 = Release|Any CPU
		{89D089E8-8731-4748-A9DB-25E27353FB68}.Debug|Any CPU.ActiveCfg = Debug|Any CPU
		{89D089E8-8731-4748-A9DB-25E27353FB68}.Debug|Any CPU.Build.0 = Debug|Any CPU
		{89D089E8-8731-4748-A9DB-25E27353FB68}.Release|Any CPU.ActiveCfg = Release|Any CPU
		{89D089E8-8731-4748-A9DB-25E27353FB68}.Release|Any CPU.Build.0 = Release|Any CPU
		{FEC51B56-B8EE-4603-8668-F1B910A40828}.Debug|Any CPU.ActiveCfg = Debug|Any CPU
		{FEC51B56-B8EE-4603-8668-F1B910A40828}.Debug|Any CPU.Build.0 = Debug|Any CPU
		{FEC51B56-B8EE-4603-8668-F1B910A40828}.Release|Any CPU.ActiveCfg = Release|Any CPU
		{FEC51B56-B8EE-4603-8668-F1B910A40828}.Release|Any CPU.Build.0 = Release|Any CPU
		{E5BA018A-F069-4630-AEC7-4DEFFD0D491D}.Debug|Any CPU.ActiveCfg = Debug|Any CPU
		{E5BA018A-F069-4630-AEC7-4DEFFD0D491D}.Debug|Any CPU.Build.0 = Debug|Any CPU
		{E5BA018A-F069-4630-AEC7-4DEFFD0D491D}.Release|Any CPU.ActiveCfg = Release|Any CPU
		{E5BA018A-F069-4630-AEC7-4DEFFD0D491D}.Release|Any CPU.Build.0 = Release|Any CPU
	EndGlobalSection
	GlobalSection(SolutionProperties) = preSolution
		HideSolutionNode = FALSE
	EndGlobalSection
	GlobalSection(NestedProjects) = preSolution
		{0F4C7F90-C782-4D8C-982F-AA0F4A15ADD5} = {677DD894-913A-4CCD-A72D-377056E3FD76}
		{CD5C8F9C-8883-4F26-8D86-231EF6BE1437} = {677DD894-913A-4CCD-A72D-377056E3FD76}
		{D6A17015-5D8A-4E4A-A5ED-1C0A8A281F16} = {677DD894-913A-4CCD-A72D-377056E3FD76}
		{E9A0F6AD-F65E-44FE-B77C-035D4EF8F822} = {065EBC87-E84C-4C7C-B259-738FC7CA5373}
		{978E6FB2-26E9-4242-A8B5-8CDE17A03DF6} = {CD5C8F9C-8883-4F26-8D86-231EF6BE1437}
		{93737BD4-757A-4CE2-A93A-0AC83524BAD4} = {CD5C8F9C-8883-4F26-8D86-231EF6BE1437}
		{8A0C4DB7-B89D-4CBE-A021-37008D42D596} = {D6A17015-5D8A-4E4A-A5ED-1C0A8A281F16}
		{89D089E8-8731-4748-A9DB-25E27353FB68} = {0F4C7F90-C782-4D8C-982F-AA0F4A15ADD5}
		{FEC51B56-B8EE-4603-8668-F1B910A40828} = {0F4C7F90-C782-4D8C-982F-AA0F4A15ADD5}
		{E5BA018A-F069-4630-AEC7-4DEFFD0D491D} = {0F4C7F90-C782-4D8C-982F-AA0F4A15ADD5}
	EndGlobalSection
	GlobalSection(ExtensibilityGlobals) = postSolution
		SolutionGuid = {68EE83F0-9A97-49FD-81E3-1A48299C7109}
	EndGlobalSection
EndGlobal
